// !$*UTF8*$!
{
	archiveVersion = 1;
	classes = {
	};
	objectVersion = 50;
	objects = {

/* Begin PBXBuildFile section */
		C42FC964246499AD006A9356 /* ViewController.swift in Sources */ = {isa = PBXBuildFile; fileRef = C42FC963246499AD006A9356 /* ViewController.swift */; };
		C42FC967246499AE006A9356 /* Main.storyboard in Resources */ = {isa = PBXBuildFile; fileRef = C42FC965246499AD006A9356 /* Main.storyboard */; };
		C42FC969246499B0006A9356 /* Assets.xcassets in Resources */ = {isa = PBXBuildFile; fileRef = C42FC968246499B0006A9356 /* Assets.xcassets */; };
		C42FC96C246499B0006A9356 /* LaunchScreen.storyboard in Resources */ = {isa = PBXBuildFile; fileRef = C42FC96A246499B0006A9356 /* LaunchScreen.storyboard */; };
		C43F3A31246A3A7600938C5C /* rainsound.wav in Resources */ = {isa = PBXBuildFile; fileRef = C43F3A30246A3A7600938C5C /* rainsound.wav */; };
		C43F3A33246B266600938C5C /* beethoven.wav in Resources */ = {isa = PBXBuildFile; fileRef = C43F3A32246B266600938C5C /* beethoven.wav */; };
		C43F3A3A246B429A00938C5C /* AppDelegate.swift in Sources */ = {isa = PBXBuildFile; fileRef = C43F3A39246B429900938C5C /* AppDelegate.swift */; };
		C43F3A3C246B46CA00938C5C /* SceneDelegate.swift in Sources */ = {isa = PBXBuildFile; fileRef = C43F3A3B246B46CA00938C5C /* SceneDelegate.swift */; };
		C4B01D2124720F44001F2BCE /* SettingsViewController.swift in Sources */ = {isa = PBXBuildFile; fileRef = C4B01D2024720F44001F2BCE /* SettingsViewController.swift */; };
		C4CB0D182489E8B2003F2890 /* repeatTester.wav in Resources */ = {isa = PBXBuildFile; fileRef = C4CB0D172489E8B2003F2890 /* repeatTester.wav */; };
/* End PBXBuildFile section */

/* Begin PBXFileReference section */
		C42FC95C246499AD006A9356 /* WaterScape.app */ = {isa = PBXFileReference; explicitFileType = wrapper.application; includeInIndex = 0; path = WaterScape.app; sourceTree = BUILT_PRODUCTS_DIR; };
		C42FC963246499AD006A9356 /* ViewController.swift */ = {isa = PBXFileReference; lastKnownFileType = sourcecode.swift; path = ViewController.swift; sourceTree = "<group>"; };
		C42FC966246499AD006A9356 /* Base */ = {isa = PBXFileReference; lastKnownFileType = file.storyboard; name = Base; path = Base.lproj/Main.storyboard; sourceTree = "<group>"; };
		C42FC968246499B0006A9356 /* Assets.xcassets */ = {isa = PBXFileReference; lastKnownFileType = folder.assetcatalog; path = Assets.xcassets; sourceTree = "<group>"; };
		C42FC96B246499B0006A9356 /* Base */ = {isa = PBXFileReference; lastKnownFileType = file.storyboard; name = Base; path = Base.lproj/LaunchScreen.storyboard; sourceTree = "<group>"; };
		C42FC96D246499B0006A9356 /* Info.plist */ = {isa = PBXFileReference; lastKnownFileType = text.plist.xml; path = Info.plist; sourceTree = "<group>"; };
		C43F3A30246A3A7600938C5C /* rainsound.wav */ = {isa = PBXFileReference; lastKnownFileType = audio.wav; path = rainsound.wav; sourceTree = "<group>"; };
		C43F3A32246B266600938C5C /* beethoven.wav */ = {isa = PBXFileReference; lastKnownFileType = audio.wav; path = beethoven.wav; sourceTree = "<group>"; };
		C43F3A39246B429900938C5C /* AppDelegate.swift */ = {isa = PBXFileReference; lastKnownFileType = sourcecode.swift; path = AppDelegate.swift; sourceTree = "<group>"; };
		C43F3A3B246B46CA00938C5C /* SceneDelegate.swift */ = {isa = PBXFileReference; lastKnownFileType = sourcecode.swift; path = SceneDelegate.swift; sourceTree = "<group>"; };
		C4B01D2024720F44001F2BCE /* SettingsViewController.swift */ = {isa = PBXFileReference; lastKnownFileType = sourcecode.swift; path = SettingsViewController.swift; sourceTree = "<group>"; };
		C4CB0D172489E8B2003F2890 /* repeatTester.wav */ = {isa = PBXFileReference; lastKnownFileType = audio.wav; path = repeatTester.wav; sourceTree = "<group>"; };
/* End PBXFileReference section */

/* Begin PBXFrameworksBuildPhase section */
		C42FC959246499AD006A9356 /* Frameworks */ = {
			isa = PBXFrameworksBuildPhase;
			buildActionMask = 2147483647;
			files = (
			);
			runOnlyForDeploymentPostprocessing = 0;
		};
/* End PBXFrameworksBuildPhase section */

/* Begin PBXGroup section */
		C42FC953246499AD006A9356 = {
			isa = PBXGroup;
			children = (
				C42FC95E246499AD006A9356 /* WaterScape */,
				C42FC95D246499AD006A9356 /* Products */,
			);
			sourceTree = "<group>";
		};
		C42FC95D246499AD006A9356 /* Products */ = {
			isa = PBXGroup;
			children = (
				C42FC95C246499AD006A9356 /* WaterScape.app */,
			);
			name = Products;
			sourceTree = "<group>";
		};
		C42FC95E246499AD006A9356 /* WaterScape */ = {
			isa = PBXGroup;
			children = (
				C42FC968246499B0006A9356 /* Assets.xcassets */,
				C43F3A41246F526E00938C5C /* Delegates */,
				C4B01D2224720F6B001F2BCE /* Controllers */,
				C43F3A3D246B470100938C5C /* sounds */,
				C43F3A40246F525600938C5C /* Story Boards */,
				C42FC96D246499B0006A9356 /* Info.plist */,
			);
			path = WaterScape;
			sourceTree = "<group>";
		};
		C43F3A3D246B470100938C5C /* sounds */ = {
			isa = PBXGroup;
			children = (
				C4CB0D172489E8B2003F2890 /* repeatTester.wav */,
				C43F3A32246B266600938C5C /* beethoven.wav */,
				C43F3A30246A3A7600938C5C /* rainsound.wav */,
			);
			path = sounds;
			sourceTree = "<group>";
		};
		C43F3A40246F525600938C5C /* Story Boards */ = {
			isa = PBXGroup;
			children = (
				C42FC965246499AD006A9356 /* Main.storyboard */,
				C42FC96A246499B0006A9356 /* LaunchScreen.storyboard */,
			);
			path = "Story Boards";
			sourceTree = "<group>";
		};
		C43F3A41246F526E00938C5C /* Delegates */ = {
			isa = PBXGroup;
			children = (
				C43F3A3B246B46CA00938C5C /* SceneDelegate.swift */,
				C43F3A39246B429900938C5C /* AppDelegate.swift */,
			);
			path = Delegates;
			sourceTree = "<group>";
		};
		C4B01D2224720F6B001F2BCE /* Controllers */ = {
			isa = PBXGroup;
			children = (
				C42FC963246499AD006A9356 /* ViewController.swift */,
				C4B01D2024720F44001F2BCE /* SettingsViewController.swift */,
			);
			path = Controllers;
			sourceTree = "<group>";
		};
/* End PBXGroup section */

/* Begin PBXNativeTarget section */
		C42FC95B246499AD006A9356 /* WaterScape */ = {
			isa = PBXNativeTarget;
			buildConfigurationList = C42FC970246499B0006A9356 /* Build configuration list for PBXNativeTarget "WaterScape" */;
			buildPhases = (
				C42FC958246499AD006A9356 /* Sources */,
				C42FC959246499AD006A9356 /* Frameworks */,
				C42FC95A246499AD006A9356 /* Resources */,
			);
			buildRules = (
			);
			dependencies = (
			);
			name = WaterScape;
			productName = WaterScape;
			productReference = C42FC95C246499AD006A9356 /* WaterScape.app */;
			productType = "com.apple.product-type.application";
		};
/* End PBXNativeTarget section */

/* Begin PBXProject section */
		C42FC954246499AD006A9356 /* Project object */ = {
			isa = PBXProject;
			attributes = {
				LastSwiftUpdateCheck = 1140;
				LastUpgradeCheck = 1140;
				ORGANIZATIONNAME = "Ishaan Koratkar";
				TargetAttributes = {
					C42FC95B246499AD006A9356 = {
						CreatedOnToolsVersion = 11.4.1;
					};
				};
			};
			buildConfigurationList = C42FC957246499AD006A9356 /* Build configuration list for PBXProject "WaterScape" */;
			compatibilityVersion = "Xcode 9.3";
			developmentRegion = en;
			hasScannedForEncodings = 0;
			knownRegions = (
				en,
				Base,
			);
			mainGroup = C42FC953246499AD006A9356;
			productRefGroup = C42FC95D246499AD006A9356 /* Products */;
			projectDirPath = "";
			projectRoot = "";
			targets = (
				C42FC95B246499AD006A9356 /* WaterScape */,
			);
		};
/* End PBXProject section */

/* Begin PBXResourcesBuildPhase section */
		C42FC95A246499AD006A9356 /* Resources */ = {
			isa = PBXResourcesBuildPhase;
			buildActionMask = 2147483647;
			files = (
				C43F3A31246A3A7600938C5C /* rainsound.wav in Resources */,
				C42FC96C246499B0006A9356 /* LaunchScreen.storyboard in Resources */,
				C42FC969246499B0006A9356 /* Assets.xcassets in Resources */,
				C43F3A33246B266600938C5C /* beethoven.wav in Resources */,
				C4CB0D182489E8B2003F2890 /* repeatTester.wav in Resources */,
				C42FC967246499AE006A9356 /* Main.storyboard in Resources */,
			);
			runOnlyForDeploymentPostprocessing = 0;
		};
/* End PBXResourcesBuildPhase section */

/* Begin PBXSourcesBuildPhase section */
		C42FC958246499AD006A9356 /* Sources */ = {
			isa = PBXSourcesBuildPhase;
			buildActionMask = 2147483647;
			files = (
				C43F3A3A246B429A00938C5C /* AppDelegate.swift in Sources */,
				C42FC964246499AD006A9356 /* ViewController.swift in Sources */,
				C43F3A3C246B46CA00938C5C /* SceneDelegate.swift in Sources */,
				C4B01D2124720F44001F2BCE /* SettingsViewController.swift in Sources */,
			);
			runOnlyForDeploymentPostprocessing = 0;
		};
/* End PBXSourcesBuildPhase section */

/* Begin PBXVariantGroup section */
		C42FC965246499AD006A9356 /* Main.storyboard */ = {
			isa = PBXVariantGroup;
			children = (
				C42FC966246499AD006A9356 /* Base */,
			);
			name = Main.storyboard;
			sourceTree = "<group>";
		};
		C42FC96A246499B0006A9356 /* LaunchScreen.storyboard */ = {
			isa = PBXVariantGroup;
			children = (
				C42FC96B246499B0006A9356 /* Base */,
			);
			name = LaunchScreen.storyboard;
			sourceTree = "<group>";
		};
/* End PBXVariantGroup section */

/* Begin XCBuildConfiguration section */
		C42FC96E246499B0006A9356 /* Debug */ = {
			isa = XCBuildConfiguration;
			buildSettings = {
				ALWAYS_SEARCH_USER_PATHS = NO;
				CLANG_ANALYZER_NONNULL = YES;
				CLANG_ANALYZER_NUMBER_OBJECT_CONVERSION = YES_AGGRESSIVE;
				CLANG_CXX_LANGUAGE_STANDARD = "gnu++14";
				CLANG_CXX_LIBRARY = "libc++";
				CLANG_ENABLE_MODULES = YES;
				CLANG_ENABLE_OBJC_ARC = YES;
				CLANG_ENABLE_OBJC_WEAK = YES;
				CLANG_WARN_BLOCK_CAPTURE_AUTORELEASING = YES;
				CLANG_WARN_BOOL_CONVERSION = YES;
				CLANG_WARN_COMMA = YES;
				CLANG_WARN_CONSTANT_CONVERSION = YES;
				CLANG_WARN_DEPRECATED_OBJC_IMPLEMENTATIONS = YES;
				CLANG_WARN_DIRECT_OBJC_ISA_USAGE = YES_ERROR;
				CLANG_WARN_DOCUMENTATION_COMMENTS = YES;
				CLANG_WARN_EMPTY_BODY = YES;
				CLANG_WARN_ENUM_CONVERSION = YES;
				CLANG_WARN_INFINITE_RECURSION = YES;
				CLANG_WARN_INT_CONVERSION = YES;
				CLANG_WARN_NON_LITERAL_NULL_CONVERSION = YES;
				CLANG_WARN_OBJC_IMPLICIT_RETAIN_SELF = YES;
				CLANG_WARN_OBJC_LITERAL_CONVERSION = YES;
				CLANG_WARN_OBJC_ROOT_CLASS = YES_ERROR;
				CLANG_WARN_RANGE_LOOP_ANALYSIS = YES;
				CLANG_WARN_STRICT_PROTOTYPES = YES;
				CLANG_WARN_SUSPICIOUS_MOVE = YES;
				CLANG_WARN_UNGUARDED_AVAILABILITY = YES_AGGRESSIVE;
				CLANG_WARN_UNREACHABLE_CODE = YES;
				CLANG_WARN__DUPLICATE_METHOD_MATCH = YES;
				COPY_PHASE_STRIP = NO;
				DEBUG_INFORMATION_FORMAT = dwarf;
				ENABLE_STRICT_OBJC_MSGSEND = YES;
				ENABLE_TESTABILITY = YES;
				GCC_C_LANGUAGE_STANDARD = gnu11;
				GCC_DYNAMIC_NO_PIC = NO;
				GCC_NO_COMMON_BLOCKS = YES;
				GCC_OPTIMIZATION_LEVEL = 0;
				GCC_PREPROCESSOR_DEFINITIONS = (
					"DEBUG=1",
					"$(inherited)",
				);
				GCC_WARN_64_TO_32_BIT_CONVERSION = YES;
				GCC_WARN_ABOUT_RETURN_TYPE = YES_ERROR;
				GCC_WARN_UNDECLARED_SELECTOR = YES;
				GCC_WARN_UNINITIALIZED_AUTOS = YES_AGGRESSIVE;
				GCC_WARN_UNUSED_FUNCTION = YES;
				GCC_WARN_UNUSED_VARIABLE = YES;
				IPHONEOS_DEPLOYMENT_TARGET = 13.4;
				MTL_ENABLE_DEBUG_INFO = INCLUDE_SOURCE;
				MTL_FAST_MATH = YES;
				ONLY_ACTIVE_ARCH = YES;
				SDKROOT = iphoneos;
				SWIFT_ACTIVE_COMPILATION_CONDITIONS = DEBUG;
				SWIFT_OPTIMIZATION_LEVEL = "-Onone";
			};
			name = Debug;
		};
		C42FC96F246499B0006A9356 /* Release */ = {
			isa = XCBuildConfiguration;
			buildSettings = {
				ALWAYS_SEARCH_USER_PATHS = NO;
				CLANG_ANALYZER_NONNULL = YES;
				CLANG_ANALYZER_NUMBER_OBJECT_CONVERSION = YES_AGGRESSIVE;
				CLANG_CXX_LANGUAGE_STANDARD = "gnu++14";
				CLANG_CXX_LIBRARY = "libc++";
				CLANG_ENABLE_MODULES = YES;
				CLANG_ENABLE_OBJC_ARC = YES;
				CLANG_ENABLE_OBJC_WEAK = YES;
				CLANG_WARN_BLOCK_CAPTURE_AUTORELEASING = YES;
				CLANG_WARN_BOOL_CONVERSION = YES;
				CLANG_WARN_COMMA = YES;
				CLANG_WARN_CONSTANT_CONVERSION = YES;
				CLANG_WARN_DEPRECATED_OBJC_IMPLEMENTATIONS = YES;
				CLANG_WARN_DIRECT_OBJC_ISA_USAGE = YES_ERROR;
				CLANG_WARN_DOCUMENTATION_COMMENTS = YES;
				CLANG_WARN_EMPTY_BODY = YES;
				CLANG_WARN_ENUM_CONVERSION = YES;
				CLANG_WARN_INFINITE_RECURSION = YES;
				CLANG_WARN_INT_CONVERSION = YES;
				CLANG_WARN_NON_LITERAL_NULL_CONVERSION = YES;
				CLANG_WARN_OBJC_IMPLICIT_RETAIN_SELF = YES;
				CLANG_WARN_OBJC_LITERAL_CONVERSION = YES;
				CLANG_WARN_OBJC_ROOT_CLASS = YES_ERROR;
				CLANG_WARN_RANGE_LOOP_ANALYSIS = YES;
				CLANG_WARN_STRICT_PROTOTYPES = YES;
				CLANG_WARN_SUSPICIOUS_MOVE = YES;
				CLANG_WARN_UNGUARDED_AVAILABILITY = YES_AGGRESSIVE;
				CLANG_WARN_UNREACHABLE_CODE = YES;
				CLANG_WARN__DUPLICATE_METHOD_MATCH = YES;
				COPY_PHASE_STRIP = NO;
				DEBUG_INFORMATION_FORMAT = "dwarf-with-dsym";
				ENABLE_NS_ASSERTIONS = NO;
				ENABLE_STRICT_OBJC_MSGSEND = YES;
				GCC_C_LANGUAGE_STANDARD = gnu11;
				GCC_NO_COMMON_BLOCKS = YES;
				GCC_WARN_64_TO_32_BIT_CONVERSION = YES;
				GCC_WARN_ABOUT_RETURN_TYPE = YES_ERROR;
				GCC_WARN_UNDECLARED_SELECTOR = YES;
				GCC_WARN_UNINITIALIZED_AUTOS = YES_AGGRESSIVE;
				GCC_WARN_UNUSED_FUNCTION = YES;
				GCC_WARN_UNUSED_VARIABLE = YES;
				IPHONEOS_DEPLOYMENT_TARGET = 13.4;
				MTL_ENABLE_DEBUG_INFO = NO;
				MTL_FAST_MATH = YES;
				SDKROOT = iphoneos;
				SWIFT_COMPILATION_MODE = wholemodule;
				SWIFT_OPTIMIZATION_LEVEL = "-O";
				VALIDATE_PRODUCT = YES;
			};
			name = Release;
		};
		C42FC971246499B0006A9356 /* Debug */ = {
			isa = XCBuildConfiguration;
			buildSettings = {
				ASSETCATALOG_COMPILER_APPICON_NAME = AppIcon;
				CODE_SIGN_STYLE = Automatic;
				DEVELOPMENT_TEAM = LF46PDRYNV;
				INFOPLIST_FILE = WaterScape/Info.plist;
				LD_RUNPATH_SEARCH_PATHS = (
					"$(inherited)",
					"@executable_path/Frameworks",
				);
				PRODUCT_BUNDLE_IDENTIFIER = com.koratkar.WaterScape;
				PRODUCT_NAME = "$(TARGET_NAME)";
				SWIFT_VERSION = 5.0;
				TARGETED_DEVICE_FAMILY = 1;
			};
			name = Debug;
		};
		C42FC972246499B0006A9356 /* Release */ = {
			isa = XCBuildConfiguration;
			buildSettings = {
				ASSETCATALOG_COMPILER_APPICON_NAME = AppIcon;
				CODE_SIGN_STYLE = Automatic;
				DEVELOPMENT_TEAM = LF46PDRYNV;
				INFOPLIST_FILE = WaterScape/Info.plist;
				LD_RUNPATH_SEARCH_PATHS = (
					"$(inherited)",
					"@executable_path/Frameworks",
				);
				PRODUCT_BUNDLE_IDENTIFIER = com.koratkar.WaterScape;
				PRODUCT_NAME = "$(TARGET_NAME)";
				SWIFT_VERSION = 5.0;
				TARGETED_DEVICE_FAMILY = 1;
			};
			name = Release;
		};
/* End XCBuildConfiguration section */

/* Begin XCConfigurationList section */
		C42FC957246499AD006A9356 /* Build configuration list for PBXProject "WaterScape" */ = {
			isa = XCConfigurationList;
			buildConfigurations = (
				C42FC96E246499B0006A9356 /* Debug */,
				C42FC96F246499B0006A9356 /* Release */,
			);
			defaultConfigurationIsVisible = 0;
			defaultConfigurationName = Release;
		};
		C42FC970246499B0006A9356 /* Build configuration list for PBXNativeTarget "WaterScape" */ = {
			isa = XCConfigurationList;
			buildConfigurations = (
				C42FC971246499B0006A9356 /* Debug */,
				C42FC972246499B0006A9356 /* Release */,
			);
			defaultConfigurationIsVisible = 0;
			defaultConfigurationName = Release;
		};
/* End XCConfigurationList section */
	};
	rootObject = C42FC954246499AD006A9356 /* Project object */;
}
